// !$*UTF8*$!
{
	archiveVersion = 1;
	classes = {
	};
	objectVersion = 46;
	objects = {

/* Begin PBXBuildFile section */
		174376CA1511F52C00D2EBC4 /* QuartzCore.framework in Frameworks */ = {isa = PBXBuildFile; fileRef = 174376C91511F52C00D2EBC4 /* QuartzCore.framework */; };
		174376CC1511F52C00D2EBC4 /* OpenGLES.framework in Frameworks */ = {isa = PBXBuildFile; fileRef = 174376CB1511F52C00D2EBC4 /* OpenGLES.framework */; };
		174376CE1511F52C00D2EBC4 /* OpenAL.framework in Frameworks */ = {isa = PBXBuildFile; fileRef = 174376CD1511F52C00D2EBC4 /* OpenAL.framework */; };
		174376D01511F52C00D2EBC4 /* AudioToolbox.framework in Frameworks */ = {isa = PBXBuildFile; fileRef = 174376CF1511F52C00D2EBC4 /* AudioToolbox.framework */; };
		174376D21511F52C00D2EBC4 /* AVFoundation.framework in Frameworks */ = {isa = PBXBuildFile; fileRef = 174376D11511F52C00D2EBC4 /* AVFoundation.framework */; };
		174376D41511F52C00D2EBC4 /* UIKit.framework in Frameworks */ = {isa = PBXBuildFile; fileRef = 174376D31511F52C00D2EBC4 /* UIKit.framework */; };
		174376D61511F52C00D2EBC4 /* Foundation.framework in Frameworks */ = {isa = PBXBuildFile; fileRef = 174376D51511F52C00D2EBC4 /* Foundation.framework */; };
		174376D81511F52C00D2EBC4 /* CoreGraphics.framework in Frameworks */ = {isa = PBXBuildFile; fileRef = 174376D71511F52C00D2EBC4 /* CoreGraphics.framework */; };
		174376DC1511F52C00D2EBC4 /* Default.png in Resources */ = {isa = PBXBuildFile; fileRef = 174376DB1511F52C00D2EBC4 /* Default.png */; };
		174376DE1511F52C00D2EBC4 /* fps_images.png in Resources */ = {isa = PBXBuildFile; fileRef = 174376DD1511F52C00D2EBC4 /* fps_images.png */; };
		174376E01511F52C00D2EBC4 /* Icon-72.png in Resources */ = {isa = PBXBuildFile; fileRef = 174376DF1511F52C00D2EBC4 /* Icon-72.png */; };
		174376E21511F52C00D2EBC4 /* Icon-Small-50.png in Resources */ = {isa = PBXBuildFile; fileRef = 174376E11511F52C00D2EBC4 /* Icon-Small-50.png */; };
		174376E41511F52C00D2EBC4 /* Icon-Small.png in Resources */ = {isa = PBXBuildFile; fileRef = 174376E31511F52C00D2EBC4 /* Icon-Small.png */; };
		174376E61511F52C00D2EBC4 /* Icon-Small@2x.png in Resources */ = {isa = PBXBuildFile; fileRef = 174376E51511F52C00D2EBC4 /* Icon-Small@2x.png */; };
		174376E81511F52C00D2EBC4 /* Icon.png in Resources */ = {isa = PBXBuildFile; fileRef = 174376E71511F52C00D2EBC4 /* Icon.png */; };
		174376EA1511F52C00D2EBC4 /* Icon@2x.png in Resources */ = {isa = PBXBuildFile; fileRef = 174376E91511F52C00D2EBC4 /* Icon@2x.png */; };
		174376ED1511F52C00D2EBC4 /* iTunesArtwork in Resources */ = {isa = PBXBuildFile; fileRef = 174376EC1511F52C00D2EBC4 /* iTunesArtwork */; };
		1743782D1511F52E00D2EBC4 /* main.m in Sources */ = {isa = PBXBuildFile; fileRef = 1743782C1511F52E00D2EBC4 /* main.m */; };
		174378301511F52E00D2EBC4 /* AppDelegate.m in Sources */ = {isa = PBXBuildFile; fileRef = 1743782F1511F52E00D2EBC4 /* AppDelegate.m */; };
		174378361511F52E00D2EBC4 /* HelloWorldLayer.m in Sources */ = {isa = PBXBuildFile; fileRef = 174378351511F52E00D2EBC4 /* HelloWorldLayer.m */; };
		174379021511F89000D2EBC4 /* CCRobot.m in Sources */ = {isa = PBXBuildFile; fileRef = 174379011511F89000D2EBC4 /* CCRobot.m */; };
		39BEF0C6FE4B47B1BFB851CB /* libPods.a in Frameworks */ = {isa = PBXBuildFile; fileRef = ECF18101D5D34F2D98DFA5BE /* libPods.a */; };
		631964531664D113007633EA /* FTCAnimationInfo.m in Sources */ = {isa = PBXBuildFile; fileRef = 6319644C1664D113007633EA /* FTCAnimationInfo.m */; };
		631964541664D113007633EA /* FTCAnimEvent.m in Sources */ = {isa = PBXBuildFile; fileRef = 6319644D1664D113007633EA /* FTCAnimEvent.m */; };
		631964551664D113007633EA /* FTCCharacter.m in Sources */ = {isa = PBXBuildFile; fileRef = 6319644E1664D113007633EA /* FTCCharacter.m */; };
		631964561664D113007633EA /* FTCEventInfo.m in Sources */ = {isa = PBXBuildFile; fileRef = 6319644F1664D113007633EA /* FTCEventInfo.m */; };
		631964571664D113007633EA /* FTCFrameInfo.m in Sources */ = {isa = PBXBuildFile; fileRef = 631964501664D113007633EA /* FTCFrameInfo.m */; };
		631964581664D113007633EA /* FTCParser.m in Sources */ = {isa = PBXBuildFile; fileRef = 631964511664D113007633EA /* FTCParser.m */; };
		631964591664D113007633EA /* FTCSprite.m in Sources */ = {isa = PBXBuildFile; fileRef = 631964521664D113007633EA /* FTCSprite.m */; };
		6325267A162DC35F009A3520 /* Default-568h@2x.png in Resources */ = {isa = PBXBuildFile; fileRef = 63252679162DC35F009A3520 /* Default-568h@2x.png */; };
		63848D241636C86500D6E96D /* robot_animations.xml in Resources */ = {isa = PBXBuildFile; fileRef = 63848D061636C86500D6E96D /* robot_animations.xml */; };
		63848D251636C86500D6E96D /* robot_sheets.xml in Resources */ = {isa = PBXBuildFile; fileRef = 63848D071636C86500D6E96D /* robot_sheets.xml */; };
		63848D261636C86500D6E96D /* robotcharactermc_ArmL-hd.png in Resources */ = {isa = PBXBuildFile; fileRef = 63848D081636C86500D6E96D /* robotcharactermc_ArmL-hd.png */; };
		63848D271636C86500D6E96D /* robotcharactermc_ArmL.png in Resources */ = {isa = PBXBuildFile; fileRef = 63848D091636C86500D6E96D /* robotcharactermc_ArmL.png */; };
		63848D281636C86500D6E96D /* robotcharactermc_ArmR-hd.png in Resources */ = {isa = PBXBuildFile; fileRef = 63848D0A1636C86500D6E96D /* robotcharactermc_ArmR-hd.png */; };
		63848D291636C86500D6E96D /* robotcharactermc_ArmR.png in Resources */ = {isa = PBXBuildFile; fileRef = 63848D0B1636C86500D6E96D /* robotcharactermc_ArmR.png */; };
		63848D2A1636C86500D6E96D /* robotcharactermc_Body-hd.png in Resources */ = {isa = PBXBuildFile; fileRef = 63848D0C1636C86500D6E96D /* robotcharactermc_Body-hd.png */; };
		63848D2B1636C86500D6E96D /* robotcharactermc_Body.png in Resources */ = {isa = PBXBuildFile; fileRef = 63848D0D1636C86500D6E96D /* robotcharactermc_Body.png */; };
		63848D2C1636C86500D6E96D /* robotcharactermc_ForeArmL-hd.png in Resources */ = {isa = PBXBuildFile; fileRef = 63848D0E1636C86500D6E96D /* robotcharactermc_ForeArmL-hd.png */; };
		63848D2D1636C86600D6E96D /* robotcharactermc_ForeArmL.png in Resources */ = {isa = PBXBuildFile; fileRef = 63848D0F1636C86500D6E96D /* robotcharactermc_ForeArmL.png */; };
		63848D2E1636C86600D6E96D /* robotcharactermc_ForeArmR-hd.png in Resources */ = {isa = PBXBuildFile; fileRef = 63848D101636C86500D6E96D /* robotcharactermc_ForeArmR-hd.png */; };
		63848D2F1636C86600D6E96D /* robotcharactermc_ForeArmR.png in Resources */ = {isa = PBXBuildFile; fileRef = 63848D111636C86500D6E96D /* robotcharactermc_ForeArmR.png */; };
		63848D301636C86600D6E96D /* robotcharactermc_HandL-hd.png in Resources */ = {isa = PBXBuildFile; fileRef = 63848D121636C86500D6E96D /* robotcharactermc_HandL-hd.png */; };
		63848D311636C86600D6E96D /* robotcharactermc_HandL.png in Resources */ = {isa = PBXBuildFile; fileRef = 63848D131636C86500D6E96D /* robotcharactermc_HandL.png */; };
		63848D321636C86600D6E96D /* robotcharactermc_HandR-hd.png in Resources */ = {isa = PBXBuildFile; fileRef = 63848D141636C86500D6E96D /* robotcharactermc_HandR-hd.png */; };
		63848D331636C86600D6E96D /* robotcharactermc_HandR.png in Resources */ = {isa = PBXBuildFile; fileRef = 63848D151636C86500D6E96D /* robotcharactermc_HandR.png */; };
		63848D341636C86600D6E96D /* robotcharactermc_Head-hd.png in Resources */ = {isa = PBXBuildFile; fileRef = 63848D161636C86500D6E96D /* robotcharactermc_Head-hd.png */; };
		63848D351636C86600D6E96D /* robotcharactermc_Head.png in Resources */ = {isa = PBXBuildFile; fileRef = 63848D171636C86500D6E96D /* robotcharactermc_Head.png */; };
		63848D361636C86600D6E96D /* robotcharactermc_Leg-hd.png in Resources */ = {isa = PBXBuildFile; fileRef = 63848D181636C86500D6E96D /* robotcharactermc_Leg-hd.png */; };
		63848D371636C86600D6E96D /* robotcharactermc_Leg.png in Resources */ = {isa = PBXBuildFile; fileRef = 63848D191636C86500D6E96D /* robotcharactermc_Leg.png */; };
		63848D381636C86600D6E96D /* robotcharactermc_NeckBottom-hd.png in Resources */ = {isa = PBXBuildFile; fileRef = 63848D1A1636C86500D6E96D /* robotcharactermc_NeckBottom-hd.png */; };
		63848D391636C86600D6E96D /* robotcharactermc_NeckBottom.png in Resources */ = {isa = PBXBuildFile; fileRef = 63848D1B1636C86500D6E96D /* robotcharactermc_NeckBottom.png */; };
		63848D3A1636C86600D6E96D /* robotcharactermc_NeckTop-hd.png in Resources */ = {isa = PBXBuildFile; fileRef = 63848D1C1636C86500D6E96D /* robotcharactermc_NeckTop-hd.png */; };
		63848D3B1636C86600D6E96D /* robotcharactermc_NeckTop.png in Resources */ = {isa = PBXBuildFile; fileRef = 63848D1D1636C86500D6E96D /* robotcharactermc_NeckTop.png */; };
		63848D3C1636C86600D6E96D /* robotcharactermc_ShoulderL-hd.png in Resources */ = {isa = PBXBuildFile; fileRef = 63848D1E1636C86500D6E96D /* robotcharactermc_ShoulderL-hd.png */; };
		63848D3D1636C86600D6E96D /* robotcharactermc_ShoulderL.png in Resources */ = {isa = PBXBuildFile; fileRef = 63848D1F1636C86500D6E96D /* robotcharactermc_ShoulderL.png */; };
		63848D3E1636C86600D6E96D /* robotcharactermc_ShoulderR-hd.png in Resources */ = {isa = PBXBuildFile; fileRef = 63848D201636C86500D6E96D /* robotcharactermc_ShoulderR-hd.png */; };
		63848D3F1636C86600D6E96D /* robotcharactermc_ShoulderR.png in Resources */ = {isa = PBXBuildFile; fileRef = 63848D211636C86500D6E96D /* robotcharactermc_ShoulderR.png */; };
		63848D401636C86600D6E96D /* robotcharactermc_Wheel-hd.png in Resources */ = {isa = PBXBuildFile; fileRef = 63848D221636C86500D6E96D /* robotcharactermc_Wheel-hd.png */; };
		63848D411636C86600D6E96D /* robotcharactermc_Wheel.png in Resources */ = {isa = PBXBuildFile; fileRef = 63848D231636C86500D6E96D /* robotcharactermc_Wheel.png */; };
/* End PBXBuildFile section */

/* Begin PBXFileReference section */
		174376C51511F52C00D2EBC4 /* F2C_RobotTutorial.app */ = {isa = PBXFileReference; explicitFileType = wrapper.application; includeInIndex = 0; path = F2C_RobotTutorial.app; sourceTree = BUILT_PRODUCTS_DIR; };
		174376C91511F52C00D2EBC4 /* QuartzCore.framework */ = {isa = PBXFileReference; includeInIndex = 1; lastKnownFileType = wrapper.framework; name = QuartzCore.framework; path = System/Library/Frameworks/QuartzCore.framework; sourceTree = SDKROOT; };
		174376CB1511F52C00D2EBC4 /* OpenGLES.framework */ = {isa = PBXFileReference; includeInIndex = 1; lastKnownFileType = wrapper.framework; name = OpenGLES.framework; path = System/Library/Frameworks/OpenGLES.framework; sourceTree = SDKROOT; };
		174376CD1511F52C00D2EBC4 /* OpenAL.framework */ = {isa = PBXFileReference; includeInIndex = 1; lastKnownFileType = wrapper.framework; name = OpenAL.framework; path = System/Library/Frameworks/OpenAL.framework; sourceTree = SDKROOT; };
		174376CF1511F52C00D2EBC4 /* AudioToolbox.framework */ = {isa = PBXFileReference; includeInIndex = 1; lastKnownFileType = wrapper.framework; name = AudioToolbox.framework; path = System/Library/Frameworks/AudioToolbox.framework; sourceTree = SDKROOT; };
		174376D11511F52C00D2EBC4 /* AVFoundation.framework */ = {isa = PBXFileReference; includeInIndex = 1; lastKnownFileType = wrapper.framework; name = AVFoundation.framework; path = System/Library/Frameworks/AVFoundation.framework; sourceTree = SDKROOT; };
		174376D31511F52C00D2EBC4 /* UIKit.framework */ = {isa = PBXFileReference; includeInIndex = 1; lastKnownFileType = wrapper.framework; name = UIKit.framework; path = System/Library/Frameworks/UIKit.framework; sourceTree = SDKROOT; };
		174376D51511F52C00D2EBC4 /* Foundation.framework */ = {isa = PBXFileReference; includeInIndex = 1; lastKnownFileType = wrapper.framework; name = Foundation.framework; path = System/Library/Frameworks/Foundation.framework; sourceTree = SDKROOT; };
		174376D71511F52C00D2EBC4 /* CoreGraphics.framework */ = {isa = PBXFileReference; includeInIndex = 1; lastKnownFileType = wrapper.framework; name = CoreGraphics.framework; path = System/Library/Frameworks/CoreGraphics.framework; sourceTree = SDKROOT; };
		174376DB1511F52C00D2EBC4 /* Default.png */ = {isa = PBXFileReference; lastKnownFileType = image.png; name = Default.png; path = Resources/Default.png; sourceTree = "<group>"; };
		174376DD1511F52C00D2EBC4 /* fps_images.png */ = {isa = PBXFileReference; lastKnownFileType = image.png; name = fps_images.png; path = Resources/fps_images.png; sourceTree = "<group>"; };
		174376DF1511F52C00D2EBC4 /* Icon-72.png */ = {isa = PBXFileReference; lastKnownFileType = image.png; name = "Icon-72.png"; path = "Resources/Icon-72.png"; sourceTree = "<group>"; };
		174376E11511F52C00D2EBC4 /* Icon-Small-50.png */ = {isa = PBXFileReference; lastKnownFileType = image.png; name = "Icon-Small-50.png"; path = "Resources/Icon-Small-50.png"; sourceTree = "<group>"; };
		174376E31511F52C00D2EBC4 /* Icon-Small.png */ = {isa = PBXFileReference; lastKnownFileType = image.png; name = "Icon-Small.png"; path = "Resources/Icon-Small.png"; sourceTree = "<group>"; };
		174376E51511F52C00D2EBC4 /* Icon-Small@2x.png */ = {isa = PBXFileReference; lastKnownFileType = image.png; name = "Icon-Small@2x.png"; path = "Resources/Icon-Small@2x.png"; sourceTree = "<group>"; };
		174376E71511F52C00D2EBC4 /* Icon.png */ = {isa = PBXFileReference; lastKnownFileType = image.png; name = Icon.png; path = Resources/Icon.png; sourceTree = "<group>"; };
		174376E91511F52C00D2EBC4 /* Icon@2x.png */ = {isa = PBXFileReference; lastKnownFileType = image.png; name = "Icon@2x.png"; path = "Resources/Icon@2x.png"; sourceTree = "<group>"; };
		174376EB1511F52C00D2EBC4 /* Info.plist */ = {isa = PBXFileReference; lastKnownFileType = text.plist.xml; name = Info.plist; path = Resources/Info.plist; sourceTree = "<group>"; };
		174376EC1511F52C00D2EBC4 /* iTunesArtwork */ = {isa = PBXFileReference; lastKnownFileType = file; name = iTunesArtwork; path = Resources/iTunesArtwork; sourceTree = "<group>"; };
		1743782B1511F52E00D2EBC4 /* Prefix.pch */ = {isa = PBXFileReference; lastKnownFileType = sourcecode.c.h; path = Prefix.pch; sourceTree = "<group>"; };
		1743782C1511F52E00D2EBC4 /* main.m */ = {isa = PBXFileReference; lastKnownFileType = sourcecode.c.objc; path = main.m; sourceTree = "<group>"; };
		1743782E1511F52E00D2EBC4 /* AppDelegate.h */ = {isa = PBXFileReference; lastKnownFileType = sourcecode.c.h; path = AppDelegate.h; sourceTree = "<group>"; };
		1743782F1511F52E00D2EBC4 /* AppDelegate.m */ = {isa = PBXFileReference; lastKnownFileType = sourcecode.c.objc; path = AppDelegate.m; sourceTree = "<group>"; };
		174378341511F52E00D2EBC4 /* HelloWorldLayer.h */ = {isa = PBXFileReference; lastKnownFileType = sourcecode.c.h; path = HelloWorldLayer.h; sourceTree = "<group>"; };
		174378351511F52E00D2EBC4 /* HelloWorldLayer.m */ = {isa = PBXFileReference; lastKnownFileType = sourcecode.c.objc; path = HelloWorldLayer.m; sourceTree = "<group>"; };
		174378371511F52E00D2EBC4 /* GameConfig.h */ = {isa = PBXFileReference; lastKnownFileType = sourcecode.c.h; path = GameConfig.h; sourceTree = "<group>"; };
		174379001511F89000D2EBC4 /* CCRobot.h */ = {isa = PBXFileReference; fileEncoding = 4; lastKnownFileType = sourcecode.c.h; path = CCRobot.h; sourceTree = "<group>"; };
		174379011511F89000D2EBC4 /* CCRobot.m */ = {isa = PBXFileReference; fileEncoding = 4; lastKnownFileType = sourcecode.c.objc; path = CCRobot.m; sourceTree = "<group>"; };
		6319644C1664D113007633EA /* FTCAnimationInfo.m */ = {isa = PBXFileReference; fileEncoding = 4; lastKnownFileType = sourcecode.c.objc; name = FTCAnimationInfo.m; path = ../../../FlashToCocosARC/FTCAnimationInfo.m; sourceTree = "<group>"; };
		6319644D1664D113007633EA /* FTCAnimEvent.m */ = {isa = PBXFileReference; fileEncoding = 4; lastKnownFileType = sourcecode.c.objc; name = FTCAnimEvent.m; path = ../../../FlashToCocosARC/FTCAnimEvent.m; sourceTree = "<group>"; };
		6319644E1664D113007633EA /* FTCCharacter.m */ = {isa = PBXFileReference; fileEncoding = 4; lastKnownFileType = sourcecode.c.objc; name = FTCCharacter.m; path = ../../../FlashToCocosARC/FTCCharacter.m; sourceTree = "<group>"; };
		6319644F1664D113007633EA /* FTCEventInfo.m */ = {isa = PBXFileReference; fileEncoding = 4; lastKnownFileType = sourcecode.c.objc; name = FTCEventInfo.m; path = ../../../FlashToCocosARC/FTCEventInfo.m; sourceTree = "<group>"; };
		631964501664D113007633EA /* FTCFrameInfo.m */ = {isa = PBXFileReference; fileEncoding = 4; lastKnownFileType = sourcecode.c.objc; name = FTCFrameInfo.m; path = ../../../FlashToCocosARC/FTCFrameInfo.m; sourceTree = "<group>"; };
		631964511664D113007633EA /* FTCParser.m */ = {isa = PBXFileReference; fileEncoding = 4; lastKnownFileType = sourcecode.c.objc; name = FTCParser.m; path = ../../../FlashToCocosARC/FTCParser.m; sourceTree = "<group>"; };
		631964521664D113007633EA /* FTCSprite.m */ = {isa = PBXFileReference; fileEncoding = 4; lastKnownFileType = sourcecode.c.objc; name = FTCSprite.m; path = ../../../FlashToCocosARC/FTCSprite.m; sourceTree = "<group>"; };
		63252679162DC35F009A3520 /* Default-568h@2x.png */ = {isa = PBXFileReference; lastKnownFileType = image.png; path = "Default-568h@2x.png"; sourceTree = "<group>"; };
		63848D061636C86500D6E96D /* robot_animations.xml */ = {isa = PBXFileReference; fileEncoding = 4; lastKnownFileType = text.xml; path = robot_animations.xml; sourceTree = "<group>"; };
		63848D071636C86500D6E96D /* robot_sheets.xml */ = {isa = PBXFileReference; fileEncoding = 4; lastKnownFileType = text.xml; path = robot_sheets.xml; sourceTree = "<group>"; };
		63848D081636C86500D6E96D /* robotcharactermc_ArmL-hd.png */ = {isa = PBXFileReference; lastKnownFileType = image.png; path = "robotcharactermc_ArmL-hd.png"; sourceTree = "<group>"; };
		63848D091636C86500D6E96D /* robotcharactermc_ArmL.png */ = {isa = PBXFileReference; lastKnownFileType = image.png; path = robotcharactermc_ArmL.png; sourceTree = "<group>"; };
		63848D0A1636C86500D6E96D /* robotcharactermc_ArmR-hd.png */ = {isa = PBXFileReference; lastKnownFileType = image.png; path = "robotcharactermc_ArmR-hd.png"; sourceTree = "<group>"; };
		63848D0B1636C86500D6E96D /* robotcharactermc_ArmR.png */ = {isa = PBXFileReference; lastKnownFileType = image.png; path = robotcharactermc_ArmR.png; sourceTree = "<group>"; };
		63848D0C1636C86500D6E96D /* robotcharactermc_Body-hd.png */ = {isa = PBXFileReference; lastKnownFileType = image.png; path = "robotcharactermc_Body-hd.png"; sourceTree = "<group>"; };
		63848D0D1636C86500D6E96D /* robotcharactermc_Body.png */ = {isa = PBXFileReference; lastKnownFileType = image.png; path = robotcharactermc_Body.png; sourceTree = "<group>"; };
		63848D0E1636C86500D6E96D /* robotcharactermc_ForeArmL-hd.png */ = {isa = PBXFileReference; lastKnownFileType = image.png; path = "robotcharactermc_ForeArmL-hd.png"; sourceTree = "<group>"; };
		63848D0F1636C86500D6E96D /* robotcharactermc_ForeArmL.png */ = {isa = PBXFileReference; lastKnownFileType = image.png; path = robotcharactermc_ForeArmL.png; sourceTree = "<group>"; };
		63848D101636C86500D6E96D /* robotcharactermc_ForeArmR-hd.png */ = {isa = PBXFileReference; lastKnownFileType = image.png; path = "robotcharactermc_ForeArmR-hd.png"; sourceTree = "<group>"; };
		63848D111636C86500D6E96D /* robotcharactermc_ForeArmR.png */ = {isa = PBXFileReference; lastKnownFileType = image.png; path = robotcharactermc_ForeArmR.png; sourceTree = "<group>"; };
		63848D121636C86500D6E96D /* robotcharactermc_HandL-hd.png */ = {isa = PBXFileReference; lastKnownFileType = image.png; path = "robotcharactermc_HandL-hd.png"; sourceTree = "<group>"; };
		63848D131636C86500D6E96D /* robotcharactermc_HandL.png */ = {isa = PBXFileReference; lastKnownFileType = image.png; path = robotcharactermc_HandL.png; sourceTree = "<group>"; };
		63848D141636C86500D6E96D /* robotcharactermc_HandR-hd.png */ = {isa = PBXFileReference; lastKnownFileType = image.png; path = "robotcharactermc_HandR-hd.png"; sourceTree = "<group>"; };
		63848D151636C86500D6E96D /* robotcharactermc_HandR.png */ = {isa = PBXFileReference; lastKnownFileType = image.png; path = robotcharactermc_HandR.png; sourceTree = "<group>"; };
		63848D161636C86500D6E96D /* robotcharactermc_Head-hd.png */ = {isa = PBXFileReference; lastKnownFileType = image.png; path = "robotcharactermc_Head-hd.png"; sourceTree = "<group>"; };
		63848D171636C86500D6E96D /* robotcharactermc_Head.png */ = {isa = PBXFileReference; lastKnownFileType = image.png; path = robotcharactermc_Head.png; sourceTree = "<group>"; };
		63848D181636C86500D6E96D /* robotcharactermc_Leg-hd.png */ = {isa = PBXFileReference; lastKnownFileType = image.png; path = "robotcharactermc_Leg-hd.png"; sourceTree = "<group>"; };
		63848D191636C86500D6E96D /* robotcharactermc_Leg.png */ = {isa = PBXFileReference; lastKnownFileType = image.png; path = robotcharactermc_Leg.png; sourceTree = "<group>"; };
		63848D1A1636C86500D6E96D /* robotcharactermc_NeckBottom-hd.png */ = {isa = PBXFileReference; lastKnownFileType = image.png; path = "robotcharactermc_NeckBottom-hd.png"; sourceTree = "<group>"; };
		63848D1B1636C86500D6E96D /* robotcharactermc_NeckBottom.png */ = {isa = PBXFileReference; lastKnownFileType = image.png; path = robotcharactermc_NeckBottom.png; sourceTree = "<group>"; };
		63848D1C1636C86500D6E96D /* robotcharactermc_NeckTop-hd.png */ = {isa = PBXFileReference; lastKnownFileType = image.png; path = "robotcharactermc_NeckTop-hd.png"; sourceTree = "<group>"; };
		63848D1D1636C86500D6E96D /* robotcharactermc_NeckTop.png */ = {isa = PBXFileReference; lastKnownFileType = image.png; path = robotcharactermc_NeckTop.png; sourceTree = "<group>"; };
		63848D1E1636C86500D6E96D /* robotcharactermc_ShoulderL-hd.png */ = {isa = PBXFileReference; lastKnownFileType = image.png; path = "robotcharactermc_ShoulderL-hd.png"; sourceTree = "<group>"; };
		63848D1F1636C86500D6E96D /* robotcharactermc_ShoulderL.png */ = {isa = PBXFileReference; lastKnownFileType = image.png; path = robotcharactermc_ShoulderL.png; sourceTree = "<group>"; };
		63848D201636C86500D6E96D /* robotcharactermc_ShoulderR-hd.png */ = {isa = PBXFileReference; lastKnownFileType = image.png; path = "robotcharactermc_ShoulderR-hd.png"; sourceTree = "<group>"; };
		63848D211636C86500D6E96D /* robotcharactermc_ShoulderR.png */ = {isa = PBXFileReference; lastKnownFileType = image.png; path = robotcharactermc_ShoulderR.png; sourceTree = "<group>"; };
		63848D221636C86500D6E96D /* robotcharactermc_Wheel-hd.png */ = {isa = PBXFileReference; lastKnownFileType = image.png; path = "robotcharactermc_Wheel-hd.png"; sourceTree = "<group>"; };
		63848D231636C86500D6E96D /* robotcharactermc_Wheel.png */ = {isa = PBXFileReference; lastKnownFileType = image.png; path = robotcharactermc_Wheel.png; sourceTree = "<group>"; };
		686ED183BE17470FB2C92EAC /* Pods.xcconfig */ = {isa = PBXFileReference; includeInIndex = 1; lastKnownFileType = text.xcconfig; name = Pods.xcconfig; path = Pods/Pods.xcconfig; sourceTree = SOURCE_ROOT; };
		ECF18101D5D34F2D98DFA5BE /* libPods.a */ = {isa = PBXFileReference; explicitFileType = archive.ar; includeInIndex = 0; path = libPods.a; sourceTree = BUILT_PRODUCTS_DIR; };
/* End PBXFileReference section */

/* Begin PBXFrameworksBuildPhase section */
		174376C21511F52C00D2EBC4 /* Frameworks */ = {
			isa = PBXFrameworksBuildPhase;
			buildActionMask = 2147483647;
			files = (
				174376CA1511F52C00D2EBC4 /* QuartzCore.framework in Frameworks */,
				174376CC1511F52C00D2EBC4 /* OpenGLES.framework in Frameworks */,
				174376CE1511F52C00D2EBC4 /* OpenAL.framework in Frameworks */,
				174376D01511F52C00D2EBC4 /* AudioToolbox.framework in Frameworks */,
				174376D21511F52C00D2EBC4 /* AVFoundation.framework in Frameworks */,
				174376D41511F52C00D2EBC4 /* UIKit.framework in Frameworks */,
				174376D61511F52C00D2EBC4 /* Foundation.framework in Frameworks */,
				174376D81511F52C00D2EBC4 /* CoreGraphics.framework in Frameworks */,
				39BEF0C6FE4B47B1BFB851CB /* libPods.a in Frameworks */,
			);
			runOnlyForDeploymentPostprocessing = 0;
		};
/* End PBXFrameworksBuildPhase section */

/* Begin PBXGroup section */
		174376BA1511F52C00D2EBC4 = {
			isa = PBXGroup;
			children = (
				63252679162DC35F009A3520 /* Default-568h@2x.png */,
				174376D91511F52C00D2EBC4 /* F2C_RobotTutorial */,
				174376C81511F52C00D2EBC4 /* Frameworks */,
				174376C61511F52C00D2EBC4 /* Products */,
				686ED183BE17470FB2C92EAC /* Pods.xcconfig */,
			);
			sourceTree = "<group>";
		};
		174376C61511F52C00D2EBC4 /* Products */ = {
			isa = PBXGroup;
			children = (
				174376C51511F52C00D2EBC4 /* F2C_RobotTutorial.app */,
			);
			name = Products;
			sourceTree = "<group>";
		};
		174376C81511F52C00D2EBC4 /* Frameworks */ = {
			isa = PBXGroup;
			children = (
				174376C91511F52C00D2EBC4 /* QuartzCore.framework */,
				174376CB1511F52C00D2EBC4 /* OpenGLES.framework */,
				174376CD1511F52C00D2EBC4 /* OpenAL.framework */,
				174376CF1511F52C00D2EBC4 /* AudioToolbox.framework */,
				174376D11511F52C00D2EBC4 /* AVFoundation.framework */,
				174376D31511F52C00D2EBC4 /* UIKit.framework */,
				174376D51511F52C00D2EBC4 /* Foundation.framework */,
				174376D71511F52C00D2EBC4 /* CoreGraphics.framework */,
				ECF18101D5D34F2D98DFA5BE /* libPods.a */,
			);
			name = Frameworks;
			sourceTree = "<group>";
		};
		174376D91511F52C00D2EBC4 /* F2C_RobotTutorial */ = {
			isa = PBXGroup;
			children = (
				1743782E1511F52E00D2EBC4 /* AppDelegate.h */,
				1743782F1511F52E00D2EBC4 /* AppDelegate.m */,
				174378341511F52E00D2EBC4 /* HelloWorldLayer.h */,
				174378351511F52E00D2EBC4 /* HelloWorldLayer.m */,
				174378371511F52E00D2EBC4 /* GameConfig.h */,
				174379001511F89000D2EBC4 /* CCRobot.h */,
				174379011511F89000D2EBC4 /* CCRobot.m */,
				174376DA1511F52C00D2EBC4 /* Resources */,
				174376EE1511F52C00D2EBC4 /* libs */,
				1743782A1511F52E00D2EBC4 /* Supporting Files */,
			);
			path = F2C_RobotTutorial;
			sourceTree = "<group>";
		};
		174376DA1511F52C00D2EBC4 /* Resources */ = {
			isa = PBXGroup;
			children = (
				1743783D1511F7AC00D2EBC4 /* Robot */,
				174376DB1511F52C00D2EBC4 /* Default.png */,
				174376DD1511F52C00D2EBC4 /* fps_images.png */,
				174376DF1511F52C00D2EBC4 /* Icon-72.png */,
				174376E11511F52C00D2EBC4 /* Icon-Small-50.png */,
				174376E31511F52C00D2EBC4 /* Icon-Small.png */,
				174376E51511F52C00D2EBC4 /* Icon-Small@2x.png */,
				174376E71511F52C00D2EBC4 /* Icon.png */,
				174376E91511F52C00D2EBC4 /* Icon@2x.png */,
				174376EB1511F52C00D2EBC4 /* Info.plist */,
				174376EC1511F52C00D2EBC4 /* iTunesArtwork */,
			);
			name = Resources;
			sourceTree = "<group>";
		};
		174376EE1511F52C00D2EBC4 /* libs */ = {
			isa = PBXGroup;
			children = (
				6319644C1664D113007633EA /* FTCAnimationInfo.m */,
				6319644D1664D113007633EA /* FTCAnimEvent.m */,
				6319644E1664D113007633EA /* FTCCharacter.m */,
				6319644F1664D113007633EA /* FTCEventInfo.m */,
				631964501664D113007633EA /* FTCFrameInfo.m */,
				631964511664D113007633EA /* FTCParser.m */,
				631964521664D113007633EA /* FTCSprite.m */,
			);
			name = libs;
			sourceTree = "<group>";
		};
		1743782A1511F52E00D2EBC4 /* Supporting Files */ = {
			isa = PBXGroup;
			children = (
				1743782B1511F52E00D2EBC4 /* Prefix.pch */,
				1743782C1511F52E00D2EBC4 /* main.m */,
			);
			name = "Supporting Files";
			sourceTree = "<group>";
		};
		1743783D1511F7AC00D2EBC4 /* Robot */ = {
			isa = PBXGroup;
			children = (
				1743794715124CA900D2EBC4 /* data */,
			);
			name = Robot;
			path = Resources/Robot;
			sourceTree = "<group>";
		};
		1743794715124CA900D2EBC4 /* data */ = {
			isa = PBXGroup;
			children = (
				63848D061636C86500D6E96D /* robot_animations.xml */,
				63848D071636C86500D6E96D /* robot_sheets.xml */,
				63848D081636C86500D6E96D /* robotcharactermc_ArmL-hd.png */,
				63848D091636C86500D6E96D /* robotcharactermc_ArmL.png */,
				63848D0A1636C86500D6E96D /* robotcharactermc_ArmR-hd.png */,
				63848D0B1636C86500D6E96D /* robotcharactermc_ArmR.png */,
				63848D0C1636C86500D6E96D /* robotcharactermc_Body-hd.png */,
				63848D0D1636C86500D6E96D /* robotcharactermc_Body.png */,
				63848D0E1636C86500D6E96D /* robotcharactermc_ForeArmL-hd.png */,
				63848D0F1636C86500D6E96D /* robotcharactermc_ForeArmL.png */,
				63848D101636C86500D6E96D /* robotcharactermc_ForeArmR-hd.png */,
				63848D111636C86500D6E96D /* robotcharactermc_ForeArmR.png */,
				63848D121636C86500D6E96D /* robotcharactermc_HandL-hd.png */,
				63848D131636C86500D6E96D /* robotcharactermc_HandL.png */,
				63848D141636C86500D6E96D /* robotcharactermc_HandR-hd.png */,
				63848D151636C86500D6E96D /* robotcharactermc_HandR.png */,
				63848D161636C86500D6E96D /* robotcharactermc_Head-hd.png */,
				63848D171636C86500D6E96D /* robotcharactermc_Head.png */,
				63848D181636C86500D6E96D /* robotcharactermc_Leg-hd.png */,
				63848D191636C86500D6E96D /* robotcharactermc_Leg.png */,
				63848D1A1636C86500D6E96D /* robotcharactermc_NeckBottom-hd.png */,
				63848D1B1636C86500D6E96D /* robotcharactermc_NeckBottom.png */,
				63848D1C1636C86500D6E96D /* robotcharactermc_NeckTop-hd.png */,
				63848D1D1636C86500D6E96D /* robotcharactermc_NeckTop.png */,
				63848D1E1636C86500D6E96D /* robotcharactermc_ShoulderL-hd.png */,
				63848D1F1636C86500D6E96D /* robotcharactermc_ShoulderL.png */,
				63848D201636C86500D6E96D /* robotcharactermc_ShoulderR-hd.png */,
				63848D211636C86500D6E96D /* robotcharactermc_ShoulderR.png */,
				63848D221636C86500D6E96D /* robotcharactermc_Wheel-hd.png */,
				63848D231636C86500D6E96D /* robotcharactermc_Wheel.png */,
			);
			path = data;
			sourceTree = "<group>";
		};
/* End PBXGroup section */

/* Begin PBXNativeTarget section */
		174376C41511F52C00D2EBC4 /* F2C_RobotTutorial */ = {
			isa = PBXNativeTarget;
			buildConfigurationList = 1743783A1511F52E00D2EBC4 /* Build configuration list for PBXNativeTarget "F2C_RobotTutorial" */;
			buildPhases = (
				174376C11511F52C00D2EBC4 /* Sources */,
				174376C21511F52C00D2EBC4 /* Frameworks */,
				174376C31511F52C00D2EBC4 /* Resources */,
				6FFE1B0703C8492BA830F066 /* Copy Pods Resources */,
			);
			buildRules = (
			);
			dependencies = (
			);
			name = F2C_RobotTutorial;
			productName = F2C_RobotTutorial;
			productReference = 174376C51511F52C00D2EBC4 /* F2C_RobotTutorial.app */;
			productType = "com.apple.product-type.application";
		};
/* End PBXNativeTarget section */

/* Begin PBXProject section */
		174376BC1511F52C00D2EBC4 /* Project object */ = {
			isa = PBXProject;
			attributes = {
				LastUpgradeCheck = 0430;
			};
			buildConfigurationList = 174376BF1511F52C00D2EBC4 /* Build configuration list for PBXProject "F2C_RobotTutorial" */;
			compatibilityVersion = "Xcode 3.2";
			developmentRegion = English;
			hasScannedForEncodings = 0;
			knownRegions = (
				en,
				English,
			);
			mainGroup = 174376BA1511F52C00D2EBC4;
			productRefGroup = 174376C61511F52C00D2EBC4 /* Products */;
			projectDirPath = "";
			projectRoot = "";
			targets = (
				174376C41511F52C00D2EBC4 /* F2C_RobotTutorial */,
			);
		};
/* End PBXProject section */

/* Begin PBXResourcesBuildPhase section */
		174376C31511F52C00D2EBC4 /* Resources */ = {
			isa = PBXResourcesBuildPhase;
			buildActionMask = 2147483647;
			files = (
				174376DC1511F52C00D2EBC4 /* Default.png in Resources */,
				174376DE1511F52C00D2EBC4 /* fps_images.png in Resources */,
				174376E01511F52C00D2EBC4 /* Icon-72.png in Resources */,
				174376E21511F52C00D2EBC4 /* Icon-Small-50.png in Resources */,
				174376E41511F52C00D2EBC4 /* Icon-Small.png in Resources */,
				174376E61511F52C00D2EBC4 /* Icon-Small@2x.png in Resources */,
				174376E81511F52C00D2EBC4 /* Icon.png in Resources */,
				174376EA1511F52C00D2EBC4 /* Icon@2x.png in Resources */,
				174376ED1511F52C00D2EBC4 /* iTunesArtwork in Resources */,
				6325267A162DC35F009A3520 /* Default-568h@2x.png in Resources */,
				63848D241636C86500D6E96D /* robot_animations.xml in Resources */,
				63848D251636C86500D6E96D /* robot_sheets.xml in Resources */,
				63848D261636C86500D6E96D /* robotcharactermc_ArmL-hd.png in Resources */,
				63848D271636C86500D6E96D /* robotcharactermc_ArmL.png in Resources */,
				63848D281636C86500D6E96D /* robotcharactermc_ArmR-hd.png in Resources */,
				63848D291636C86500D6E96D /* robotcharactermc_ArmR.png in Resources */,
				63848D2A1636C86500D6E96D /* robotcharactermc_Body-hd.png in Resources */,
				63848D2B1636C86500D6E96D /* robotcharactermc_Body.png in Resources */,
				63848D2C1636C86500D6E96D /* robotcharactermc_ForeArmL-hd.png in Resources */,
				63848D2D1636C86600D6E96D /* robotcharactermc_ForeArmL.png in Resources */,
				63848D2E1636C86600D6E96D /* robotcharactermc_ForeArmR-hd.png in Resources */,
				63848D2F1636C86600D6E96D /* robotcharactermc_ForeArmR.png in Resources */,
				63848D301636C86600D6E96D /* robotcharactermc_HandL-hd.png in Resources */,
				63848D311636C86600D6E96D /* robotcharactermc_HandL.png in Resources */,
				63848D321636C86600D6E96D /* robotcharactermc_HandR-hd.png in Resources */,
				63848D331636C86600D6E96D /* robotcharactermc_HandR.png in Resources */,
				63848D341636C86600D6E96D /* robotcharactermc_Head-hd.png in Resources */,
				63848D351636C86600D6E96D /* robotcharactermc_Head.png in Resources */,
				63848D361636C86600D6E96D /* robotcharactermc_Leg-hd.png in Resources */,
				63848D371636C86600D6E96D /* robotcharactermc_Leg.png in Resources */,
				63848D381636C86600D6E96D /* robotcharactermc_NeckBottom-hd.png in Resources */,
				63848D391636C86600D6E96D /* robotcharactermc_NeckBottom.png in Resources */,
				63848D3A1636C86600D6E96D /* robotcharactermc_NeckTop-hd.png in Resources */,
				63848D3B1636C86600D6E96D /* robotcharactermc_NeckTop.png in Resources */,
				63848D3C1636C86600D6E96D /* robotcharactermc_ShoulderL-hd.png in Resources */,
				63848D3D1636C86600D6E96D /* robotcharactermc_ShoulderL.png in Resources */,
				63848D3E1636C86600D6E96D /* robotcharactermc_ShoulderR-hd.png in Resources */,
				63848D3F1636C86600D6E96D /* robotcharactermc_ShoulderR.png in Resources */,
				63848D401636C86600D6E96D /* robotcharactermc_Wheel-hd.png in Resources */,
				63848D411636C86600D6E96D /* robotcharactermc_Wheel.png in Resources */,
			);
			runOnlyForDeploymentPostprocessing = 0;
		};
/* End PBXResourcesBuildPhase section */

/* Begin PBXShellScriptBuildPhase section */
		6FFE1B0703C8492BA830F066 /* Copy Pods Resources */ = {
			isa = PBXShellScriptBuildPhase;
			buildActionMask = 2147483647;
			files = (
			);
			inputPaths = (
			);
			name = "Copy Pods Resources";
			outputPaths = (
			);
			runOnlyForDeploymentPostprocessing = 0;
			shellPath = /bin/sh;
			shellScript = "\"${SRCROOT}/Pods/Pods-resources.sh\"\n";
		};
/* End PBXShellScriptBuildPhase section */

/* Begin PBXSourcesBuildPhase section */
		174376C11511F52C00D2EBC4 /* Sources */ = {
			isa = PBXSourcesBuildPhase;
			buildActionMask = 2147483647;
			files = (
				1743782D1511F52E00D2EBC4 /* main.m in Sources */,
				174378301511F52E00D2EBC4 /* AppDelegate.m in Sources */,
				174378361511F52E00D2EBC4 /* HelloWorldLayer.m in Sources */,
				174379021511F89000D2EBC4 /* CCRobot.m in Sources */,
				631964531664D113007633EA /* FTCAnimationInfo.m in Sources */,
				631964541664D113007633EA /* FTCAnimEvent.m in Sources */,
				631964551664D113007633EA /* FTCCharacter.m in Sources */,
				631964561664D113007633EA /* FTCEventInfo.m in Sources */,
				631964571664D113007633EA /* FTCFrameInfo.m in Sources */,
				631964581664D113007633EA /* FTCParser.m in Sources */,
				631964591664D113007633EA /* FTCSprite.m in Sources */,
			);
			runOnlyForDeploymentPostprocessing = 0;
		};
/* End PBXSourcesBuildPhase section */

/* Begin XCBuildConfiguration section */
		174378381511F52E00D2EBC4 /* Debug */ = {
			isa = XCBuildConfiguration;
			buildSettings = {
				ARCHS = "$(ARCHS_STANDARD_32_BIT)";
				"CODE_SIGN_IDENTITY[sdk=iphoneos*]" = "iPhone Developer";
				GCC_C_LANGUAGE_STANDARD = gnu99;
				GCC_OPTIMIZATION_LEVEL = 0;
				GCC_PREPROCESSOR_DEFINITIONS = (
					DEBUG,
					"COCOS2D_DEBUG=1",
				);
				GCC_SYMBOLS_PRIVATE_EXTERN = NO;
				GCC_VERSION = com.apple.compilers.llvmgcc42;
				GCC_WARN_ABOUT_RETURN_TYPE = YES;
				GCC_WARN_UNUSED_VARIABLE = YES;
				IPHONEOS_DEPLOYMENT_TARGET = 5.0;
				SDKROOT = iphoneos;
			};
			name = Debug;
		};
		174378391511F52E00D2EBC4 /* Release */ = {
			isa = XCBuildConfiguration;
			buildSettings = {
				ARCHS = "$(ARCHS_STANDARD_32_BIT)";
				"CODE_SIGN_IDENTITY[sdk=iphoneos*]" = "iPhone Developer";
				GCC_C_LANGUAGE_STANDARD = gnu99;
				GCC_PREPROCESSOR_DEFINITIONS = NDEBUG;
				GCC_VERSION = com.apple.compilers.llvmgcc42;
				GCC_WARN_ABOUT_RETURN_TYPE = YES;
				GCC_WARN_UNUSED_VARIABLE = YES;
				IPHONEOS_DEPLOYMENT_TARGET = 5.0;
				OTHER_CFLAGS = "-DNS_BLOCK_ASSERTIONS=1";
				SDKROOT = iphoneos;
			};
			name = Release;
		};
		1743783B1511F52E00D2EBC4 /* Debug */ = {
			isa = XCBuildConfiguration;
			baseConfigurationReference = 686ED183BE17470FB2C92EAC /* Pods.xcconfig */;
			buildSettings = {
				ALWAYS_SEARCH_USER_PATHS = YES;
				CLANG_ENABLE_OBJC_ARC = YES;
				CLANG_WARN_OBJCPP_ARC_ABI = YES;
				COPY_PHASE_STRIP = NO;
				GCC_DYNAMIC_NO_PIC = NO;
				GCC_PRECOMPILE_PREFIX_HEADER = YES;
				GCC_PREFIX_HEADER = F2C_RobotTutorial/Prefix.pch;
				"GCC_THUMB_SUPPORT[arch=armv6]" = "";
				GCC_VERSION = com.apple.compilers.llvm.clang.1_0;
				HEADER_SEARCH_PATHS = (
					"\"${PROJECT_DIR}/../../FlashToCocosARC\"",
					"\"${PROJECT_DIR}/Pods/TBXML\"/**",
					"\"${PROJECT_DIR}/Pods/cocos2d\"/**",
				);
				INFOPLIST_FILE = F2C_RobotTutorial/Resources/Info.plist;
				LIBRARY_SEARCH_PATHS = "$(inherited)";
				OTHER_LDFLAGS = "-lz";
				PRODUCT_NAME = "$(TARGET_NAME)";
				USER_HEADER_SEARCH_PATHS = "\"${PROJECT_DIR}/../../FlashToCocosARC\" \"${PROJECT_DIR}/Pods/cocos2d\"/** \"${PROJECT_DIR}/Pods/TBXML\"/**";
				WRAPPER_EXTENSION = app;
			};
			name = Debug;
		};
		1743783C1511F52E00D2EBC4 /* Release */ = {
			isa = XCBuildConfiguration;
			baseConfigurationReference = 686ED183BE17470FB2C92EAC /* Pods.xcconfig */;
			buildSettings = {
				ALWAYS_SEARCH_USER_PATHS = YES;
				CLANG_ENABLE_OBJC_ARC = YES;
				CLANG_WARN_OBJCPP_ARC_ABI = YES;
				COPY_PHASE_STRIP = YES;
				GCC_PRECOMPILE_PREFIX_HEADER = YES;
				GCC_PREFIX_HEADER = F2C_RobotTutorial/Prefix.pch;
				"GCC_THUMB_SUPPORT[arch=armv6]" = "";
				GCC_VERSION = com.apple.compilers.llvm.clang.1_0;
				HEADER_SEARCH_PATHS = (
					"\"${PROJECT_DIR}/../../FlashToCocosARC\"",
					"\"${PROJECT_DIR}/Pods/TBXML\"/**",
					"\"${PROJECT_DIR}/Pods/cocos2d\"/**",
				);
				INFOPLIST_FILE = F2C_RobotTutorial/Resources/Info.plist;
				LIBRARY_SEARCH_PATHS = "$(inherited)";
				OTHER_LDFLAGS = "-lz";
				PRODUCT_NAME = "$(TARGET_NAME)";
				USER_HEADER_SEARCH_PATHS = "\"${PROJECT_DIR}/../../FlashToCocosARC\" \"${PROJECT_DIR}/Pods/cocos2d\"/** \"${PROJECT_DIR}/Pods/TBXML\"/**";
				VALIDATE_PRODUCT = YES;
				WRAPPER_EXTENSION = app;
			};
			name = Release;
		};
/* End XCBuildConfiguration section */

/* Begin XCConfigurationList section */
		174376BF1511F52C00D2EBC4 /* Build configuration list for PBXProject "F2C_RobotTutorial" */ = {
			isa = XCConfigurationList;
			buildConfigurations = (
				174378381511F52E00D2EBC4 /* Debug */,
				174378391511F52E00D2EBC4 /* Release */,
			);
			defaultConfigurationIsVisible = 0;
			defaultConfigurationName = Release;
		};
		1743783A1511F52E00D2EBC4 /* Build configuration list for PBXNativeTarget "F2C_RobotTutorial" */ = {
			isa = XCConfigurationList;
			buildConfigurations = (
				1743783B1511F52E00D2EBC4 /* Debug */,
				1743783C1511F52E00D2EBC4 /* Release */,
			);
			defaultConfigurationIsVisible = 0;
			defaultConfigurationName = Release;
		};
/* End XCConfigurationList section */
	};
	rootObject = 174376BC1511F52C00D2EBC4 /* Project object */;
}
